// !$*UTF8*$!
{
	archiveVersion = 1;
	classes = {
	};
	objectVersion = 56;
	objects = {

/* Begin PBXBuildFile section */
		630B97AE2920D39900244FC6 /* LoadGroups.swift in Sources */ = {isa = PBXBuildFile; fileRef = 630B97AD2920D39900244FC6 /* LoadGroups.swift */; };
		630B97B12920D58900244FC6 /* UserGroupModel.swift in Sources */ = {isa = PBXBuildFile; fileRef = 630B97B02920D58900244FC6 /* UserGroupModel.swift */; };
		630B97B32920D6FD00244FC6 /* GroupsScene.swift in Sources */ = {isa = PBXBuildFile; fileRef = 630B97B22920D6FD00244FC6 /* GroupsScene.swift */; };
		630B97B62920D78100244FC6 /* GroupsViewModel.swift in Sources */ = {isa = PBXBuildFile; fileRef = 630B97B52920D78100244FC6 /* GroupsViewModel.swift */; };
		630B97BA29214C9300244FC6 /* SwipeActions.swift in Sources */ = {isa = PBXBuildFile; fileRef = 630B97B929214C9300244FC6 /* SwipeActions.swift */; };
		630B97BC29214CCA00244FC6 /* SwipeItemView.swift in Sources */ = {isa = PBXBuildFile; fileRef = 630B97BB29214CCA00244FC6 /* SwipeItemView.swift */; };
		630B97BE29214CEF00244FC6 /* SwipeModel.swift in Sources */ = {isa = PBXBuildFile; fileRef = 630B97BD29214CEF00244FC6 /* SwipeModel.swift */; };
		633B83842928A8C400D17556 /* Authorization.swift in Sources */ = {isa = PBXBuildFile; fileRef = 633B83832928A8C400D17556 /* Authorization.swift */; };
		633B83872928B27300D17556 /* AuthorizationModel.swift in Sources */ = {isa = PBXBuildFile; fileRef = 633B83862928B27300D17556 /* AuthorizationModel.swift */; };
		634666CA28FE6740004AD934 /* swiftUiVkAppApp.swift in Sources */ = {isa = PBXBuildFile; fileRef = 634666C928FE6740004AD934 /* swiftUiVkAppApp.swift */; };
		634666CE28FE6741004AD934 /* Assets.xcassets in Resources */ = {isa = PBXBuildFile; fileRef = 634666CD28FE6741004AD934 /* Assets.xcassets */; };
		634666D128FE6741004AD934 /* Preview Assets.xcassets in Resources */ = {isa = PBXBuildFile; fileRef = 634666D028FE6741004AD934 /* Preview Assets.xcassets */; };
		634666F5290700D8004AD934 /* FriendsCellView.swift in Sources */ = {isa = PBXBuildFile; fileRef = 634666F4290700D8004AD934 /* FriendsCellView.swift */; };
		634666F729070C15004AD934 /* GroupTableCell.swift in Sources */ = {isa = PBXBuildFile; fileRef = 634666F629070C15004AD934 /* GroupTableCell.swift */; };
		634666FA29079872004AD934 /* CircleShadow.swift in Sources */ = {isa = PBXBuildFile; fileRef = 634666F929079872004AD934 /* CircleShadow.swift */; };
		634666FD290855C1004AD934 /* CustomImageLogo.swift in Sources */ = {isa = PBXBuildFile; fileRef = 634666FC290855C1004AD934 /* CustomImageLogo.swift */; };
		639BB9FE29291AC9002B4CB8 /* UserRegistrationData.swift in Sources */ = {isa = PBXBuildFile; fileRef = 639BB9FD29291AC9002B4CB8 /* UserRegistrationData.swift */; };
		639BBA0229291BC8002B4CB8 /* SetCodeAuthentificate.swift in Sources */ = {isa = PBXBuildFile; fileRef = 639BBA0129291BC8002B4CB8 /* SetCodeAuthentificate.swift */; };
		639BBA0429291C3A002B4CB8 /* VKLoginVebView.swift in Sources */ = {isa = PBXBuildFile; fileRef = 639BBA0329291C3A002B4CB8 /* VKLoginVebView.swift */; };
		639BBA0629291CE4002B4CB8 /* CodeAuthentificate.swift in Sources */ = {isa = PBXBuildFile; fileRef = 639BBA0529291CE4002B4CB8 /* CodeAuthentificate.swift */; };
		63B006CC29167A38001A34D6 /* FriendsViewModel.swift in Sources */ = {isa = PBXBuildFile; fileRef = 63B006CB29167A38001A34D6 /* FriendsViewModel.swift */; };
		63B00BDD29168778001A34D6 /* LoadAndSaveFriends.swift in Sources */ = {isa = PBXBuildFile; fileRef = 63B00BD929168778001A34D6 /* LoadAndSaveFriends.swift */; };
		63B00BDE29168778001A34D6 /* InternetConnections.swift in Sources */ = {isa = PBXBuildFile; fileRef = 63B00BDA29168778001A34D6 /* InternetConnections.swift */; };
		63B00BE329168B63001A34D6 /* Realm in Frameworks */ = {isa = PBXBuildFile; productRef = 63B00BE229168B63001A34D6 /* Realm */; };
		63B00BE529168B63001A34D6 /* RealmSwift in Frameworks */ = {isa = PBXBuildFile; productRef = 63B00BE429168B63001A34D6 /* RealmSwift */; };
		63B00BE829168C51001A34D6 /* RealmService.swift in Sources */ = {isa = PBXBuildFile; fileRef = 63B00BE729168C51001A34D6 /* RealmService.swift */; };
		63EBC25929118C1B00F7EF78 /* VKLoginView.swift in Sources */ = {isa = PBXBuildFile; fileRef = 63EBC25829118C1B00F7EF78 /* VKLoginView.swift */; };
		63F5DAC3290ADA47004D0CB4 /* LoginScene.swift in Sources */ = {isa = PBXBuildFile; fileRef = 63F5DAC2290ADA46004D0CB4 /* LoginScene.swift */; };
		63F5DAC6290E4C6C004D0CB4 /* TabBarView.swift in Sources */ = {isa = PBXBuildFile; fileRef = 63F5DAC5290E4C6C004D0CB4 /* TabBarView.swift */; };
		63F5DAC8290E4CD6004D0CB4 /* NewsSceneView.swift in Sources */ = {isa = PBXBuildFile; fileRef = 63F5DAC7290E4CD6004D0CB4 /* NewsSceneView.swift */; };
		63F5DACB290EE22F004D0CB4 /* FriendsScene.swift in Sources */ = {isa = PBXBuildFile; fileRef = 63F5DACA290EE22F004D0CB4 /* FriendsScene.swift */; };
		63F5DACF290EE26A004D0CB4 /* FriendsModel.swift in Sources */ = {isa = PBXBuildFile; fileRef = 63F5DACE290EE26A004D0CB4 /* FriendsModel.swift */; };
/* End PBXBuildFile section */

/* Begin PBXFileReference section */
		630B97AD2920D39900244FC6 /* LoadGroups.swift */ = {isa = PBXFileReference; lastKnownFileType = sourcecode.swift; path = LoadGroups.swift; sourceTree = "<group>"; };
		630B97B02920D58900244FC6 /* UserGroupModel.swift */ = {isa = PBXFileReference; lastKnownFileType = sourcecode.swift; path = UserGroupModel.swift; sourceTree = "<group>"; };
		630B97B22920D6FD00244FC6 /* GroupsScene.swift */ = {isa = PBXFileReference; lastKnownFileType = sourcecode.swift; path = GroupsScene.swift; sourceTree = "<group>"; };
		630B97B52920D78100244FC6 /* GroupsViewModel.swift */ = {isa = PBXFileReference; lastKnownFileType = sourcecode.swift; path = GroupsViewModel.swift; sourceTree = "<group>"; };
		630B97B929214C9300244FC6 /* SwipeActions.swift */ = {isa = PBXFileReference; lastKnownFileType = sourcecode.swift; path = SwipeActions.swift; sourceTree = "<group>"; };
		630B97BB29214CCA00244FC6 /* SwipeItemView.swift */ = {isa = PBXFileReference; lastKnownFileType = sourcecode.swift; path = SwipeItemView.swift; sourceTree = "<group>"; };
		630B97BD29214CEF00244FC6 /* SwipeModel.swift */ = {isa = PBXFileReference; lastKnownFileType = sourcecode.swift; path = SwipeModel.swift; sourceTree = "<group>"; };
		633B83832928A8C400D17556 /* Authorization.swift */ = {isa = PBXFileReference; lastKnownFileType = sourcecode.swift; path = Authorization.swift; sourceTree = "<group>"; };
		633B83862928B27300D17556 /* AuthorizationModel.swift */ = {isa = PBXFileReference; lastKnownFileType = sourcecode.swift; path = AuthorizationModel.swift; sourceTree = "<group>"; };
		634666C628FE6740004AD934 /* swiftUiVkApp.app */ = {isa = PBXFileReference; explicitFileType = wrapper.application; includeInIndex = 0; path = swiftUiVkApp.app; sourceTree = BUILT_PRODUCTS_DIR; };
		634666C928FE6740004AD934 /* swiftUiVkAppApp.swift */ = {isa = PBXFileReference; lastKnownFileType = sourcecode.swift; path = swiftUiVkAppApp.swift; sourceTree = "<group>"; };
		634666CD28FE6741004AD934 /* Assets.xcassets */ = {isa = PBXFileReference; lastKnownFileType = folder.assetcatalog; path = Assets.xcassets; sourceTree = "<group>"; };
		634666D028FE6741004AD934 /* Preview Assets.xcassets */ = {isa = PBXFileReference; lastKnownFileType = folder.assetcatalog; path = "Preview Assets.xcassets"; sourceTree = "<group>"; };
		634666F4290700D8004AD934 /* FriendsCellView.swift */ = {isa = PBXFileReference; lastKnownFileType = sourcecode.swift; path = FriendsCellView.swift; sourceTree = "<group>"; };
		634666F629070C15004AD934 /* GroupTableCell.swift */ = {isa = PBXFileReference; lastKnownFileType = sourcecode.swift; path = GroupTableCell.swift; sourceTree = "<group>"; };
		634666F929079872004AD934 /* CircleShadow.swift */ = {isa = PBXFileReference; lastKnownFileType = sourcecode.swift; path = CircleShadow.swift; sourceTree = "<group>"; };
		634666FC290855C1004AD934 /* CustomImageLogo.swift */ = {isa = PBXFileReference; lastKnownFileType = sourcecode.swift; path = CustomImageLogo.swift; sourceTree = "<group>"; };
		639BB9FD29291AC9002B4CB8 /* UserRegistrationData.swift */ = {isa = PBXFileReference; lastKnownFileType = sourcecode.swift; path = UserRegistrationData.swift; sourceTree = "<group>"; };
		639BBA0129291BC8002B4CB8 /* SetCodeAuthentificate.swift */ = {isa = PBXFileReference; lastKnownFileType = sourcecode.swift; path = SetCodeAuthentificate.swift; sourceTree = "<group>"; };
		639BBA0329291C3A002B4CB8 /* VKLoginVebView.swift */ = {isa = PBXFileReference; lastKnownFileType = sourcecode.swift; path = VKLoginVebView.swift; sourceTree = "<group>"; };
		639BBA0529291CE4002B4CB8 /* CodeAuthentificate.swift */ = {isa = PBXFileReference; lastKnownFileType = sourcecode.swift; path = CodeAuthentificate.swift; sourceTree = "<group>"; };
		63B006CB29167A38001A34D6 /* FriendsViewModel.swift */ = {isa = PBXFileReference; lastKnownFileType = sourcecode.swift; path = FriendsViewModel.swift; sourceTree = "<group>"; };
		63B00BD929168778001A34D6 /* LoadAndSaveFriends.swift */ = {isa = PBXFileReference; fileEncoding = 4; lastKnownFileType = sourcecode.swift; path = LoadAndSaveFriends.swift; sourceTree = "<group>"; };
		63B00BDA29168778001A34D6 /* InternetConnections.swift */ = {isa = PBXFileReference; fileEncoding = 4; lastKnownFileType = sourcecode.swift; path = InternetConnections.swift; sourceTree = "<group>"; };
		63B00BE729168C51001A34D6 /* RealmService.swift */ = {isa = PBXFileReference; fileEncoding = 4; lastKnownFileType = sourcecode.swift; path = RealmService.swift; sourceTree = "<group>"; };
		63EBC25829118C1B00F7EF78 /* VKLoginView.swift */ = {isa = PBXFileReference; lastKnownFileType = sourcecode.swift; path = VKLoginView.swift; sourceTree = "<group>"; };
		63F5DAC2290ADA46004D0CB4 /* LoginScene.swift */ = {isa = PBXFileReference; lastKnownFileType = sourcecode.swift; path = LoginScene.swift; sourceTree = "<group>"; };
		63F5DAC5290E4C6C004D0CB4 /* TabBarView.swift */ = {isa = PBXFileReference; lastKnownFileType = sourcecode.swift; path = TabBarView.swift; sourceTree = "<group>"; };
		63F5DAC7290E4CD6004D0CB4 /* NewsSceneView.swift */ = {isa = PBXFileReference; lastKnownFileType = sourcecode.swift; path = NewsSceneView.swift; sourceTree = "<group>"; };
		63F5DACA290EE22F004D0CB4 /* FriendsScene.swift */ = {isa = PBXFileReference; lastKnownFileType = sourcecode.swift; path = FriendsScene.swift; sourceTree = "<group>"; };
		63F5DACE290EE26A004D0CB4 /* FriendsModel.swift */ = {isa = PBXFileReference; lastKnownFileType = sourcecode.swift; path = FriendsModel.swift; sourceTree = "<group>"; };
/* End PBXFileReference section */

/* Begin PBXFrameworksBuildPhase section */
		634666C328FE6740004AD934 /* Frameworks */ = {
			isa = PBXFrameworksBuildPhase;
			buildActionMask = 2147483647;
			files = (
				63B00BE529168B63001A34D6 /* RealmSwift in Frameworks */,
				63B00BE329168B63001A34D6 /* Realm in Frameworks */,
			);
			runOnlyForDeploymentPostprocessing = 0;
		};
/* End PBXFrameworksBuildPhase section */

/* Begin PBXGroup section */
		630B97AB2920D36B00244FC6 /* GroupeScene */ = {
			isa = PBXGroup;
			children = (
				630B97B42920D76400244FC6 /* GroupsViewModel */,
				630B97AF2920D57B00244FC6 /* GroupsModel */,
				630B97AC2920D37E00244FC6 /* GroupeService */,
				630B97B22920D6FD00244FC6 /* GroupsScene.swift */,
			);
			path = GroupeScene;
			sourceTree = "<group>";
		};
		630B97AC2920D37E00244FC6 /* GroupeService */ = {
			isa = PBXGroup;
			children = (
				630B97AD2920D39900244FC6 /* LoadGroups.swift */,
			);
			path = GroupeService;
			sourceTree = "<group>";
		};
		630B97AF2920D57B00244FC6 /* GroupsModel */ = {
			isa = PBXGroup;
			children = (
				630B97B02920D58900244FC6 /* UserGroupModel.swift */,
			);
			path = GroupsModel;
			sourceTree = "<group>";
		};
		630B97B42920D76400244FC6 /* GroupsViewModel */ = {
			isa = PBXGroup;
			children = (
				630B97B52920D78100244FC6 /* GroupsViewModel.swift */,
			);
			path = GroupsViewModel;
			sourceTree = "<group>";
		};
		630B97B72920E56300244FC6 /* AboutAFriends */ = {
			isa = PBXGroup;
			children = (
			);
			path = AboutAFriends;
			sourceTree = "<group>";
		};
		630B97B829214C7600244FC6 /* SwipeActionCustom */ = {
			isa = PBXGroup;
			children = (
				630B97B929214C9300244FC6 /* SwipeActions.swift */,
				630B97BB29214CCA00244FC6 /* SwipeItemView.swift */,
				630B97BD29214CEF00244FC6 /* SwipeModel.swift */,
			);
			path = SwipeActionCustom;
			sourceTree = "<group>";
		};
		633B83852928B25B00D17556 /* AuthorizationModel */ = {
			isa = PBXGroup;
			children = (
				633B83862928B27300D17556 /* AuthorizationModel.swift */,
				639BB9FD29291AC9002B4CB8 /* UserRegistrationData.swift */,
			);
			path = AuthorizationModel;
			sourceTree = "<group>";
		};
		634666BD28FE6740004AD934 = {
			isa = PBXGroup;
			children = (
				634666C828FE6740004AD934 /* swiftUiVkApp */,
				634666C728FE6740004AD934 /* Products */,
			);
			sourceTree = "<group>";
		};
		634666C728FE6740004AD934 /* Products */ = {
			isa = PBXGroup;
			children = (
				634666C628FE6740004AD934 /* swiftUiVkApp.app */,
			);
			name = Products;
			sourceTree = "<group>";
		};
		634666C828FE6740004AD934 /* swiftUiVkApp */ = {
			isa = PBXGroup;
			children = (
				630B97B829214C7600244FC6 /* SwipeActionCustom */,
				63B00BD729168778001A34D6 /* InternetConnections */,
				63B006C92916738B001A34D6 /* StartVKApp */,
				63F5DAC4290E4C57004D0CB4 /* TabBarView */,
				63EBC25729118BFD00F7EF78 /* VKLoginScene */,
				63F5DAC9290EE218004D0CB4 /* FriendsScene */,
				630B97B72920E56300244FC6 /* AboutAFriends */,
				630B97AB2920D36B00244FC6 /* GroupeScene */,
				63F5DAC1290ADA1F004D0CB4 /* NewsScene */,
				634666FB290855A7004AD934 /* CustomView */,
				634666F32907006D004AD934 /* TableCellView */,
				634666D72900FC17004AD934 /* Assets */,
				63F5DAC0290ADA10004D0CB4 /* LoginScene */,
				634666CF28FE6741004AD934 /* Preview Content */,
			);
			path = swiftUiVkApp;
			sourceTree = "<group>";
		};
		634666CF28FE6741004AD934 /* Preview Content */ = {
			isa = PBXGroup;
			children = (
				634666D028FE6741004AD934 /* Preview Assets.xcassets */,
			);
			path = "Preview Content";
			sourceTree = "<group>";
		};
		634666D72900FC17004AD934 /* Assets */ = {
			isa = PBXGroup;
			children = (
				634666CD28FE6741004AD934 /* Assets.xcassets */,
			);
			path = Assets;
			sourceTree = "<group>";
		};
		634666F32907006D004AD934 /* TableCellView */ = {
			isa = PBXGroup;
			children = (
				634666F4290700D8004AD934 /* FriendsCellView.swift */,
				634666F629070C15004AD934 /* GroupTableCell.swift */,
			);
			path = TableCellView;
			sourceTree = "<group>";
		};
		634666F82907985B004AD934 /* ViewModifier */ = {
			isa = PBXGroup;
			children = (
				634666F929079872004AD934 /* CircleShadow.swift */,
			);
			path = ViewModifier;
			sourceTree = "<group>";
		};
		634666FB290855A7004AD934 /* CustomView */ = {
			isa = PBXGroup;
			children = (
				634666F82907985B004AD934 /* ViewModifier */,
				634666FE29085705004AD934 /* View */,
			);
			path = CustomView;
			sourceTree = "<group>";
		};
		634666FE29085705004AD934 /* View */ = {
			isa = PBXGroup;
			children = (
				634666FC290855C1004AD934 /* CustomImageLogo.swift */,
			);
			path = View;
			sourceTree = "<group>";
		};
		639BB9FF29291B02002B4CB8 /* EnterPoint */ = {
			isa = PBXGroup;
			children = (
				634666C928FE6740004AD934 /* swiftUiVkAppApp.swift */,
			);
			path = EnterPoint;
			sourceTree = "<group>";
		};
		639BBA0029291B15002B4CB8 /* Authorization */ = {
			isa = PBXGroup;
			children = (
				633B83832928A8C400D17556 /* Authorization.swift */,
				639BBA0129291BC8002B4CB8 /* SetCodeAuthentificate.swift */,
				639BBA0529291CE4002B4CB8 /* CodeAuthentificate.swift */,
			);
			path = Authorization;
			sourceTree = "<group>";
		};
		63B006C92916738B001A34D6 /* StartVKApp */ = {
			isa = PBXGroup;
			children = (
				639BB9FF29291B02002B4CB8 /* EnterPoint */,
				639BBA0029291B15002B4CB8 /* Authorization */,
				633B83852928B25B00D17556 /* AuthorizationModel */,
			);
			path = StartVKApp;
			sourceTree = "<group>";
		};
		63B006CA29167A23001A34D6 /* FriendsViewModel */ = {
			isa = PBXGroup;
			children = (
				63B006CB29167A38001A34D6 /* FriendsViewModel.swift */,
			);
			path = FriendsViewModel;
			sourceTree = "<group>";
		};
		63B00BD729168778001A34D6 /* InternetConnections */ = {
			isa = PBXGroup;
			children = (
				63B00BD829168778001A34D6 /* InternetConnection */,
				63B00BE629168C51001A34D6 /* RealmService */,
			);
			name = InternetConnections;
			path = ../../FinalVKApp/GB_HomeWork/VKApp_KonishchevIvan/VKApp_KonishchevIvan/Resourse/InternetConnections;
			sourceTree = "<group>";
		};
		63B00BD829168778001A34D6 /* InternetConnection */ = {
			isa = PBXGroup;
			children = (
				63B00BD929168778001A34D6 /* LoadAndSaveFriends.swift */,
				63B00BDA29168778001A34D6 /* InternetConnections.swift */,
			);
			path = InternetConnection;
			sourceTree = "<group>";
		};
		63B00BE629168C51001A34D6 /* RealmService */ = {
			isa = PBXGroup;
			children = (
				63B00BE729168C51001A34D6 /* RealmService.swift */,
			);
			path = RealmService;
			sourceTree = "<group>";
		};
		63EBC25729118BFD00F7EF78 /* VKLoginScene */ = {
			isa = PBXGroup;
			children = (
				63EBC25829118C1B00F7EF78 /* VKLoginView.swift */,
				639BBA0329291C3A002B4CB8 /* VKLoginVebView.swift */,
			);
			path = VKLoginScene;
			sourceTree = "<group>";
		};
		63F5DAC0290ADA10004D0CB4 /* LoginScene */ = {
			isa = PBXGroup;
			children = (
				63F5DAC2290ADA46004D0CB4 /* LoginScene.swift */,
			);
			path = LoginScene;
			sourceTree = "<group>";
		};
		63F5DAC1290ADA1F004D0CB4 /* NewsScene */ = {
			isa = PBXGroup;
			children = (
				63F5DAC7290E4CD6004D0CB4 /* NewsSceneView.swift */,
			);
			path = NewsScene;
			sourceTree = "<group>";
		};
		63F5DAC4290E4C57004D0CB4 /* TabBarView */ = {
			isa = PBXGroup;
			children = (
				63F5DAC5290E4C6C004D0CB4 /* TabBarView.swift */,
			);
			path = TabBarView;
			sourceTree = "<group>";
		};
		63F5DAC9290EE218004D0CB4 /* FriendsScene */ = {
			isa = PBXGroup;
			children = (
				63B006CA29167A23001A34D6 /* FriendsViewModel */,
				63F5DACC290EE256004D0CB4 /* FirendsModel */,
				63F5DACA290EE22F004D0CB4 /* FriendsScene.swift */,
			);
			path = FriendsScene;
			sourceTree = "<group>";
		};
		63F5DACC290EE256004D0CB4 /* FirendsModel */ = {
			isa = PBXGroup;
			children = (
				63F5DACE290EE26A004D0CB4 /* FriendsModel.swift */,
			);
			path = FirendsModel;
			sourceTree = "<group>";
		};
/* End PBXGroup section */

/* Begin PBXNativeTarget section */
		634666C528FE6740004AD934 /* swiftUiVkApp */ = {
			isa = PBXNativeTarget;
			buildConfigurationList = 634666D428FE6741004AD934 /* Build configuration list for PBXNativeTarget "swiftUiVkApp" */;
			buildPhases = (
				634666C228FE6740004AD934 /* Sources */,
				634666C328FE6740004AD934 /* Frameworks */,
				634666C428FE6740004AD934 /* Resources */,
			);
			buildRules = (
			);
			dependencies = (
			);
			name = swiftUiVkApp;
			packageProductDependencies = (
				63B00BE229168B63001A34D6 /* Realm */,
				63B00BE429168B63001A34D6 /* RealmSwift */,
			);
			productName = swiftUiVkApp;
			productReference = 634666C628FE6740004AD934 /* swiftUiVkApp.app */;
			productType = "com.apple.product-type.application";
		};
/* End PBXNativeTarget section */

/* Begin PBXProject section */
		634666BE28FE6740004AD934 /* Project object */ = {
			isa = PBXProject;
			attributes = {
				BuildIndependentTargetsInParallel = 1;
				LastSwiftUpdateCheck = 1400;
				LastUpgradeCheck = 1400;
				TargetAttributes = {
					634666C528FE6740004AD934 = {
						CreatedOnToolsVersion = 14.0;
					};
				};
			};
			buildConfigurationList = 634666C128FE6740004AD934 /* Build configuration list for PBXProject "swiftUiVkApp" */;
			compatibilityVersion = "Xcode 14.0";
			developmentRegion = en;
			hasScannedForEncodings = 0;
			knownRegions = (
				en,
				Base,
			);
			mainGroup = 634666BD28FE6740004AD934;
			packageReferences = (
				63B00BE129168B63001A34D6 /* XCRemoteSwiftPackageReference "realm-swift" */,
			);
			productRefGroup = 634666C728FE6740004AD934 /* Products */;
			projectDirPath = "";
			projectRoot = "";
			targets = (
				634666C528FE6740004AD934 /* swiftUiVkApp */,
			);
		};
/* End PBXProject section */

/* Begin PBXResourcesBuildPhase section */
		634666C428FE6740004AD934 /* Resources */ = {
			isa = PBXResourcesBuildPhase;
			buildActionMask = 2147483647;
			files = (
				634666D128FE6741004AD934 /* Preview Assets.xcassets in Resources */,
				634666CE28FE6741004AD934 /* Assets.xcassets in Resources */,
			);
			runOnlyForDeploymentPostprocessing = 0;
		};
/* End PBXResourcesBuildPhase section */

/* Begin PBXSourcesBuildPhase section */
		634666C228FE6740004AD934 /* Sources */ = {
			isa = PBXSourcesBuildPhase;
			buildActionMask = 2147483647;
			files = (
				634666FA29079872004AD934 /* CircleShadow.swift in Sources */,
				630B97BC29214CCA00244FC6 /* SwipeItemView.swift in Sources */,
				63EBC25929118C1B00F7EF78 /* VKLoginView.swift in Sources */,
				63F5DAC6290E4C6C004D0CB4 /* TabBarView.swift in Sources */,
				634666F5290700D8004AD934 /* FriendsCellView.swift in Sources */,
				633B83872928B27300D17556 /* AuthorizationModel.swift in Sources */,
				634666CA28FE6740004AD934 /* swiftUiVkAppApp.swift in Sources */,
				630B97BE29214CEF00244FC6 /* SwipeModel.swift in Sources */,
				63B00BDD29168778001A34D6 /* LoadAndSaveFriends.swift in Sources */,
				639BBA0629291CE4002B4CB8 /* CodeAuthentificate.swift in Sources */,
				630B97BA29214C9300244FC6 /* SwipeActions.swift in Sources */,
				63F5DAC8290E4CD6004D0CB4 /* NewsSceneView.swift in Sources */,
				634666F729070C15004AD934 /* GroupTableCell.swift in Sources */,
				639BBA0429291C3A002B4CB8 /* VKLoginVebView.swift in Sources */,
				630B97B32920D6FD00244FC6 /* GroupsScene.swift in Sources */,
				634666FD290855C1004AD934 /* CustomImageLogo.swift in Sources */,
				63B006CC29167A38001A34D6 /* FriendsViewModel.swift in Sources */,
				63B00BE829168C51001A34D6 /* RealmService.swift in Sources */,
				630B97B12920D58900244FC6 /* UserGroupModel.swift in Sources */,
				630B97AE2920D39900244FC6 /* LoadGroups.swift in Sources */,
				633B83842928A8C400D17556 /* Authorization.swift in Sources */,
				63F5DACB290EE22F004D0CB4 /* FriendsScene.swift in Sources */,
				63F5DAC3290ADA47004D0CB4 /* LoginScene.swift in Sources */,
				639BBA0229291BC8002B4CB8 /* SetCodeAuthentificate.swift in Sources */,
				63F5DACF290EE26A004D0CB4 /* FriendsModel.swift in Sources */,
				639BB9FE29291AC9002B4CB8 /* UserRegistrationData.swift in Sources */,
				63B00BDE29168778001A34D6 /* InternetConnections.swift in Sources */,
				630B97B62920D78100244FC6 /* GroupsViewModel.swift in Sources */,
			);
			runOnlyForDeploymentPostprocessing = 0;
		};
/* End PBXSourcesBuildPhase section */

/* Begin XCBuildConfiguration section */
		634666D228FE6741004AD934 /* Debug */ = {
			isa = XCBuildConfiguration;
			buildSettings = {
				ALWAYS_SEARCH_USER_PATHS = NO;
				CLANG_ANALYZER_NONNULL = YES;
				CLANG_ANALYZER_NUMBER_OBJECT_CONVERSION = YES_AGGRESSIVE;
				CLANG_CXX_LANGUAGE_STANDARD = "gnu++20";
				CLANG_ENABLE_MODULES = YES;
				CLANG_ENABLE_OBJC_ARC = YES;
				CLANG_ENABLE_OBJC_WEAK = YES;
				CLANG_WARN_BLOCK_CAPTURE_AUTORELEASING = YES;
				CLANG_WARN_BOOL_CONVERSION = YES;
				CLANG_WARN_COMMA = YES;
				CLANG_WARN_CONSTANT_CONVERSION = YES;
				CLANG_WARN_DEPRECATED_OBJC_IMPLEMENTATIONS = YES;
				CLANG_WARN_DIRECT_OBJC_ISA_USAGE = YES_ERROR;
				CLANG_WARN_DOCUMENTATION_COMMENTS = YES;
				CLANG_WARN_EMPTY_BODY = YES;
				CLANG_WARN_ENUM_CONVERSION = YES;
				CLANG_WARN_INFINITE_RECURSION = YES;
				CLANG_WARN_INT_CONVERSION = YES;
				CLANG_WARN_NON_LITERAL_NULL_CONVERSION = YES;
				CLANG_WARN_OBJC_IMPLICIT_RETAIN_SELF = YES;
				CLANG_WARN_OBJC_LITERAL_CONVERSION = YES;
				CLANG_WARN_OBJC_ROOT_CLASS = YES_ERROR;
				CLANG_WARN_QUOTED_INCLUDE_IN_FRAMEWORK_HEADER = YES;
				CLANG_WARN_RANGE_LOOP_ANALYSIS = YES;
				CLANG_WARN_STRICT_PROTOTYPES = YES;
				CLANG_WARN_SUSPICIOUS_MOVE = YES;
				CLANG_WARN_UNGUARDED_AVAILABILITY = YES_AGGRESSIVE;
				CLANG_WARN_UNREACHABLE_CODE = YES;
				CLANG_WARN__DUPLICATE_METHOD_MATCH = YES;
				COPY_PHASE_STRIP = NO;
				DEBUG_INFORMATION_FORMAT = dwarf;
				ENABLE_STRICT_OBJC_MSGSEND = YES;
				ENABLE_TESTABILITY = YES;
				GCC_C_LANGUAGE_STANDARD = gnu11;
				GCC_DYNAMIC_NO_PIC = NO;
				GCC_NO_COMMON_BLOCKS = YES;
				GCC_OPTIMIZATION_LEVEL = 0;
				GCC_PREPROCESSOR_DEFINITIONS = (
					"DEBUG=1",
					"$(inherited)",
				);
				GCC_WARN_64_TO_32_BIT_CONVERSION = YES;
				GCC_WARN_ABOUT_RETURN_TYPE = YES_ERROR;
				GCC_WARN_UNDECLARED_SELECTOR = YES;
				GCC_WARN_UNINITIALIZED_AUTOS = YES_AGGRESSIVE;
				GCC_WARN_UNUSED_FUNCTION = YES;
				GCC_WARN_UNUSED_VARIABLE = YES;
				IPHONEOS_DEPLOYMENT_TARGET = 16.0;
				MTL_ENABLE_DEBUG_INFO = INCLUDE_SOURCE;
				MTL_FAST_MATH = YES;
				ONLY_ACTIVE_ARCH = YES;
				SDKROOT = iphoneos;
				SWIFT_ACTIVE_COMPILATION_CONDITIONS = DEBUG;
				SWIFT_OPTIMIZATION_LEVEL = "-Onone";
				SWIFT_USE_INTEGRATED_DRIVER = NO;
			};
			name = Debug;
		};
		634666D328FE6741004AD934 /* Release */ = {
			isa = XCBuildConfiguration;
			buildSettings = {
				ALWAYS_SEARCH_USER_PATHS = NO;
				CLANG_ANALYZER_NONNULL = YES;
				CLANG_ANALYZER_NUMBER_OBJECT_CONVERSION = YES_AGGRESSIVE;
				CLANG_CXX_LANGUAGE_STANDARD = "gnu++20";
				CLANG_ENABLE_MODULES = YES;
				CLANG_ENABLE_OBJC_ARC = YES;
				CLANG_ENABLE_OBJC_WEAK = YES;
				CLANG_WARN_BLOCK_CAPTURE_AUTORELEASING = YES;
				CLANG_WARN_BOOL_CONVERSION = YES;
				CLANG_WARN_COMMA = YES;
				CLANG_WARN_CONSTANT_CONVERSION = YES;
				CLANG_WARN_DEPRECATED_OBJC_IMPLEMENTATIONS = YES;
				CLANG_WARN_DIRECT_OBJC_ISA_USAGE = YES_ERROR;
				CLANG_WARN_DOCUMENTATION_COMMENTS = YES;
				CLANG_WARN_EMPTY_BODY = YES;
				CLANG_WARN_ENUM_CONVERSION = YES;
				CLANG_WARN_INFINITE_RECURSION = YES;
				CLANG_WARN_INT_CONVERSION = YES;
				CLANG_WARN_NON_LITERAL_NULL_CONVERSION = YES;
				CLANG_WARN_OBJC_IMPLICIT_RETAIN_SELF = YES;
				CLANG_WARN_OBJC_LITERAL_CONVERSION = YES;
				CLANG_WARN_OBJC_ROOT_CLASS = YES_ERROR;
				CLANG_WARN_QUOTED_INCLUDE_IN_FRAMEWORK_HEADER = YES;
				CLANG_WARN_RANGE_LOOP_ANALYSIS = YES;
				CLANG_WARN_STRICT_PROTOTYPES = YES;
				CLANG_WARN_SUSPICIOUS_MOVE = YES;
				CLANG_WARN_UNGUARDED_AVAILABILITY = YES_AGGRESSIVE;
				CLANG_WARN_UNREACHABLE_CODE = YES;
				CLANG_WARN__DUPLICATE_METHOD_MATCH = YES;
				COPY_PHASE_STRIP = NO;
				DEBUG_INFORMATION_FORMAT = "dwarf-with-dsym";
				ENABLE_NS_ASSERTIONS = NO;
				ENABLE_STRICT_OBJC_MSGSEND = YES;
				GCC_C_LANGUAGE_STANDARD = gnu11;
				GCC_NO_COMMON_BLOCKS = YES;
				GCC_WARN_64_TO_32_BIT_CONVERSION = YES;
				GCC_WARN_ABOUT_RETURN_TYPE = YES_ERROR;
				GCC_WARN_UNDECLARED_SELECTOR = YES;
				GCC_WARN_UNINITIALIZED_AUTOS = YES_AGGRESSIVE;
				GCC_WARN_UNUSED_FUNCTION = YES;
				GCC_WARN_UNUSED_VARIABLE = YES;
				IPHONEOS_DEPLOYMENT_TARGET = 16.0;
				MTL_ENABLE_DEBUG_INFO = NO;
				MTL_FAST_MATH = YES;
				SDKROOT = iphoneos;
				SWIFT_COMPILATION_MODE = wholemodule;
				SWIFT_OPTIMIZATION_LEVEL = "-O";
				SWIFT_USE_INTEGRATED_DRIVER = NO;
				VALIDATE_PRODUCT = YES;
			};
			name = Release;
		};
		634666D528FE6741004AD934 /* Debug */ = {
			isa = XCBuildConfiguration;
			buildSettings = {
				ASSETCATALOG_COMPILER_APPICON_NAME = AppIcon;
				ASSETCATALOG_COMPILER_GLOBAL_ACCENT_COLOR_NAME = AccentColor;
				CODE_SIGN_STYLE = Automatic;
				CURRENT_PROJECT_VERSION = 1;
				DEVELOPMENT_ASSET_PATHS = "\"swiftUiVkApp/Preview Content\"";
				DEVELOPMENT_TEAM = JJYZW38GT4;
				ENABLE_PREVIEWS = YES;
				GENERATE_INFOPLIST_FILE = YES;
				INFOPLIST_KEY_CFBundleDisplayName = "";
				INFOPLIST_KEY_NSFaceIDUsageDescription = "We need to unlock your data";
				INFOPLIST_KEY_UIApplicationSceneManifest_Generation = YES;
				INFOPLIST_KEY_UIApplicationSupportsIndirectInputEvents = YES;
				INFOPLIST_KEY_UILaunchScreen_Generation = YES;
				INFOPLIST_KEY_UISupportedInterfaceOrientations_iPad = "UIInterfaceOrientationPortrait UIInterfaceOrientationPortraitUpsideDown UIInterfaceOrientationLandscapeLeft UIInterfaceOrientationLandscapeRight";
				INFOPLIST_KEY_UISupportedInterfaceOrientations_iPhone = "UIInterfaceOrientationPortrait UIInterfaceOrientationLandscapeLeft UIInterfaceOrientationLandscapeRight";
				IPHONEOS_DEPLOYMENT_TARGET = 16.0;
				LD_RUNPATH_SEARCH_PATHS = (
					"$(inherited)",
					"@executable_path/Frameworks",
				);
				MARKETING_VERSION = 1.0;
				PRODUCT_BUNDLE_IDENTIFIER = konishchevIvan.swiftUiVkApp;
				PRODUCT_NAME = "$(TARGET_NAME)";
				SWIFT_EMIT_LOC_STRINGS = YES;
				SWIFT_VERSION = 5.0;
				TARGETED_DEVICE_FAMILY = "1,2";
			};
			name = Debug;
		};
		634666D628FE6741004AD934 /* Release */ = {
			isa = XCBuildConfiguration;
			buildSettings = {
				ASSETCATALOG_COMPILER_APPICON_NAME = AppIcon;
				ASSETCATALOG_COMPILER_GLOBAL_ACCENT_COLOR_NAME = AccentColor;
				CODE_SIGN_STYLE = Automatic;
				CURRENT_PROJECT_VERSION = 1;
				DEVELOPMENT_ASSET_PATHS = "\"swiftUiVkApp/Preview Content\"";
				DEVELOPMENT_TEAM = JJYZW38GT4;
				ENABLE_PREVIEWS = YES;
				GENERATE_INFOPLIST_FILE = YES;
				INFOPLIST_KEY_CFBundleDisplayName = "";
				INFOPLIST_KEY_NSFaceIDUsageDescription = "We need to unlock your data";
				INFOPLIST_KEY_UIApplicationSceneManifest_Generation = YES;
				INFOPLIST_KEY_UIApplicationSupportsIndirectInputEvents = YES;
				INFOPLIST_KEY_UILaunchScreen_Generation = YES;
				INFOPLIST_KEY_UISupportedInterfaceOrientations_iPad = "UIInterfaceOrientationPortrait UIInterfaceOrientationPortraitUpsideDown UIInterfaceOrientationLandscapeLeft UIInterfaceOrientationLandscapeRight";
				INFOPLIST_KEY_UISupportedInterfaceOrientations_iPhone = "UIInterfaceOrientationPortrait UIInterfaceOrientationLandscapeLeft UIInterfaceOrientationLandscapeRight";
				IPHONEOS_DEPLOYMENT_TARGET = 16.0;
				LD_RUNPATH_SEARCH_PATHS = (
					"$(inherited)",
					"@executable_path/Frameworks",
				);
				MARKETING_VERSION = 1.0;
				PRODUCT_BUNDLE_IDENTIFIER = konishchevIvan.swiftUiVkApp;
				PRODUCT_NAME = "$(TARGET_NAME)";
				SWIFT_EMIT_LOC_STRINGS = YES;
				SWIFT_VERSION = 5.0;
				TARGETED_DEVICE_FAMILY = "1,2";
			};
			name = Release;
		};
/* End XCBuildConfiguration section */

/* Begin XCConfigurationList section */
		634666C128FE6740004AD934 /* Build configuration list for PBXProject "swiftUiVkApp" */ = {
			isa = XCConfigurationList;
			buildConfigurations = (
				634666D228FE6741004AD934 /* Debug */,
				634666D328FE6741004AD934 /* Release */,
			);
			defaultConfigurationIsVisible = 0;
			defaultConfigurationName = Release;
		};
		634666D428FE6741004AD934 /* Build configuration list for PBXNativeTarget "swiftUiVkApp" */ = {
			isa = XCConfigurationList;
			buildConfigurations = (
				634666D528FE6741004AD934 /* Debug */,
				634666D628FE6741004AD934 /* Release */,
			);
			defaultConfigurationIsVisible = 0;
			defaultConfigurationName = Release;
		};
/* End XCConfigurationList section */

/* Begin XCRemoteSwiftPackageReference section */
		63B00BE129168B63001A34D6 /* XCRemoteSwiftPackageReference "realm-swift" */ = {
			isa = XCRemoteSwiftPackageReference;
			repositoryURL = "https://github.com/realm/realm-swift.git";
			requirement = {
				branch = master;
				kind = branch;
			};
		};
/* End XCRemoteSwiftPackageReference section */

/* Begin XCSwiftPackageProductDependency section */
		63B00BE229168B63001A34D6 /* Realm */ = {
			isa = XCSwiftPackageProductDependency;
			package = 63B00BE129168B63001A34D6 /* XCRemoteSwiftPackageReference "realm-swift" */;
			productName = Realm;
		};
		63B00BE429168B63001A34D6 /* RealmSwift */ = {
			isa = XCSwiftPackageProductDependency;
			package = 63B00BE129168B63001A34D6 /* XCRemoteSwiftPackageReference "realm-swift" */;
			productName = RealmSwift;
		};
/* End XCSwiftPackageProductDependency section */
	};
	rootObject = 634666BE28FE6740004AD934 /* Project object */;
}
